// !$*UTF8*$!
{
	archiveVersion = 1;
	classes = {
	};
	objectVersion = 50;
	objects = {

/* Begin PBXBuildFile section */
		59EA91B221A9AE8B00004670 /* AppDelegate.swift in Sources */ = {isa = PBXBuildFile; fileRef = 59EA91B121A9AE8B00004670 /* AppDelegate.swift */; };
		59EA91B421A9AE8B00004670 /* ViewController.swift in Sources */ = {isa = PBXBuildFile; fileRef = 59EA91B321A9AE8B00004670 /* ViewController.swift */; };
		59EA91B721A9AE8B00004670 /* Main.storyboard in Resources */ = {isa = PBXBuildFile; fileRef = 59EA91B521A9AE8B00004670 /* Main.storyboard */; };
		59EA91B921A9AE8C00004670 /* Assets.xcassets in Resources */ = {isa = PBXBuildFile; fileRef = 59EA91B821A9AE8C00004670 /* Assets.xcassets */; };
		59EA91BC21A9AE8C00004670 /* LaunchScreen.storyboard in Resources */ = {isa = PBXBuildFile; fileRef = 59EA91BA21A9AE8C00004670 /* LaunchScreen.storyboard */; };
		59EA91C721A9AE8C00004670 /* TodoListTests.swift in Sources */ = {isa = PBXBuildFile; fileRef = 59EA91C621A9AE8C00004670 /* TodoListTests.swift */; };
		59EA91D221A9AE8C00004670 /* TodoListUITests.swift in Sources */ = {isa = PBXBuildFile; fileRef = 59EA91D121A9AE8C00004670 /* TodoListUITests.swift */; };
		59EA91E021A9AF3100004670 /* DBManager.swift in Sources */ = {isa = PBXBuildFile; fileRef = 59EA91DF21A9AF3100004670 /* DBManager.swift */; };
/* End PBXBuildFile section */

/* Begin PBXContainerItemProxy section */
		59EA91C321A9AE8C00004670 /* PBXContainerItemProxy */ = {
			isa = PBXContainerItemProxy;
			containerPortal = 59EA91A621A9AE8A00004670 /* Project object */;
			proxyType = 1;
			remoteGlobalIDString = 59EA91AD21A9AE8A00004670;
			remoteInfo = TodoList;
		};
		59EA91CE21A9AE8C00004670 /* PBXContainerItemProxy */ = {
			isa = PBXContainerItemProxy;
			containerPortal = 59EA91A621A9AE8A00004670 /* Project object */;
			proxyType = 1;
			remoteGlobalIDString = 59EA91AD21A9AE8A00004670;
			remoteInfo = TodoList;
		};
/* End PBXContainerItemProxy section */

/* Begin PBXFileReference section */
		59EA91AE21A9AE8B00004670 /* TodoList.app */ = {isa = PBXFileReference; explicitFileType = wrapper.application; includeInIndex = 0; path = TodoList.app; sourceTree = BUILT_PRODUCTS_DIR; };
		59EA91B121A9AE8B00004670 /* AppDelegate.swift */ = {isa = PBXFileReference; lastKnownFileType = sourcecode.swift; path = AppDelegate.swift; sourceTree = "<group>"; };
		59EA91B321A9AE8B00004670 /* ViewController.swift */ = {isa = PBXFileReference; lastKnownFileType = sourcecode.swift; path = ViewController.swift; sourceTree = "<group>"; };
		59EA91B621A9AE8B00004670 /* Base */ = {isa = PBXFileReference; lastKnownFileType = file.storyboard; name = Base; path = Base.lproj/Main.storyboard; sourceTree = "<group>"; };
		59EA91B821A9AE8C00004670 /* Assets.xcassets */ = {isa = PBXFileReference; lastKnownFileType = folder.assetcatalog; path = Assets.xcassets; sourceTree = "<group>"; };
		59EA91BB21A9AE8C00004670 /* Base */ = {isa = PBXFileReference; lastKnownFileType = file.storyboard; name = Base; path = Base.lproj/LaunchScreen.storyboard; sourceTree = "<group>"; };
		59EA91BD21A9AE8C00004670 /* Info.plist */ = {isa = PBXFileReference; lastKnownFileType = text.plist.xml; path = Info.plist; sourceTree = "<group>"; };
		59EA91C221A9AE8C00004670 /* TodoListTests.xctest */ = {isa = PBXFileReference; explicitFileType = wrapper.cfbundle; includeInIndex = 0; path = TodoListTests.xctest; sourceTree = BUILT_PRODUCTS_DIR; };
		59EA91C621A9AE8C00004670 /* TodoListTests.swift */ = {isa = PBXFileReference; lastKnownFileType = sourcecode.swift; path = TodoListTests.swift; sourceTree = "<group>"; };
		59EA91C821A9AE8C00004670 /* Info.plist */ = {isa = PBXFileReference; lastKnownFileType = text.plist.xml; path = Info.plist; sourceTree = "<group>"; };
		59EA91CD21A9AE8C00004670 /* TodoListUITests.xctest */ = {isa = PBXFileReference; explicitFileType = wrapper.cfbundle; includeInIndex = 0; path = TodoListUITests.xctest; sourceTree = BUILT_PRODUCTS_DIR; };
		59EA91D121A9AE8C00004670 /* TodoListUITests.swift */ = {isa = PBXFileReference; lastKnownFileType = sourcecode.swift; path = TodoListUITests.swift; sourceTree = "<group>"; };
		59EA91D321A9AE8C00004670 /* Info.plist */ = {isa = PBXFileReference; lastKnownFileType = text.plist.xml; path = Info.plist; sourceTree = "<group>"; };
		59EA91DF21A9AF3100004670 /* DBManager.swift */ = {isa = PBXFileReference; lastKnownFileType = sourcecode.swift; path = DBManager.swift; sourceTree = "<group>"; };
/* End PBXFileReference section */

/* Begin PBXFrameworksBuildPhase section */
		59EA91AB21A9AE8A00004670 /* Frameworks */ = {
			isa = PBXFrameworksBuildPhase;
			buildActionMask = 2147483647;
			files = (
			);
			runOnlyForDeploymentPostprocessing = 0;
		};
		59EA91BF21A9AE8C00004670 /* Frameworks */ = {
			isa = PBXFrameworksBuildPhase;
			buildActionMask = 2147483647;
			files = (
			);
			runOnlyForDeploymentPostprocessing = 0;
		};
		59EA91CA21A9AE8C00004670 /* Frameworks */ = {
			isa = PBXFrameworksBuildPhase;
			buildActionMask = 2147483647;
			files = (
			);
			runOnlyForDeploymentPostprocessing = 0;
		};
/* End PBXFrameworksBuildPhase section */

/* Begin PBXGroup section */
		59EA91A521A9AE8A00004670 = {
			isa = PBXGroup;
			children = (
				59EA91B021A9AE8B00004670 /* TodoList */,
				59EA91C521A9AE8C00004670 /* TodoListTests */,
				59EA91D021A9AE8C00004670 /* TodoListUITests */,
				59EA91AF21A9AE8B00004670 /* Products */,
			);
			sourceTree = "<group>";
		};
		59EA91AF21A9AE8B00004670 /* Products */ = {
			isa = PBXGroup;
			children = (
				59EA91AE21A9AE8B00004670 /* TodoList.app */,
				59EA91C221A9AE8C00004670 /* TodoListTests.xctest */,
				59EA91CD21A9AE8C00004670 /* TodoListUITests.xctest */,
			);
			name = Products;
			sourceTree = "<group>";
		};
		59EA91B021A9AE8B00004670 /* TodoList */ = {
			isa = PBXGroup;
			children = (
				59EA91B121A9AE8B00004670 /* AppDelegate.swift */,
				59EA91B321A9AE8B00004670 /* ViewController.swift */,
				59EA91B521A9AE8B00004670 /* Main.storyboard */,
				59EA91B821A9AE8C00004670 /* Assets.xcassets */,
				59EA91BA21A9AE8C00004670 /* LaunchScreen.storyboard */,
				59EA91BD21A9AE8C00004670 /* Info.plist */,
				59EA91DF21A9AF3100004670 /* DBManager.swift */,
			);
			path = TodoList;
			sourceTree = "<group>";
		};
		59EA91C521A9AE8C00004670 /* TodoListTests */ = {
			isa = PBXGroup;
			children = (
				59EA91C621A9AE8C00004670 /* TodoListTests.swift */,
				59EA91C821A9AE8C00004670 /* Info.plist */,
			);
			path = TodoListTests;
			sourceTree = "<group>";
		};
		59EA91D021A9AE8C00004670 /* TodoListUITests */ = {
			isa = PBXGroup;
			children = (
				59EA91D121A9AE8C00004670 /* TodoListUITests.swift */,
				59EA91D321A9AE8C00004670 /* Info.plist */,
			);
			path = TodoListUITests;
			sourceTree = "<group>";
		};
/* End PBXGroup section */

/* Begin PBXNativeTarget section */
		59EA91AD21A9AE8A00004670 /* TodoList */ = {
			isa = PBXNativeTarget;
			buildConfigurationList = 59EA91D621A9AE8C00004670 /* Build configuration list for PBXNativeTarget "TodoList" */;
			buildPhases = (
				59EA91AA21A9AE8A00004670 /* Sources */,
				59EA91AB21A9AE8A00004670 /* Frameworks */,
				59EA91AC21A9AE8A00004670 /* Resources */,
			);
			buildRules = (
			);
			dependencies = (
			);
			name = TodoList;
			productName = TodoList;
			productReference = 59EA91AE21A9AE8B00004670 /* TodoList.app */;
			productType = "com.apple.product-type.application";
		};
		59EA91C121A9AE8C00004670 /* TodoListTests */ = {
			isa = PBXNativeTarget;
			buildConfigurationList = 59EA91D921A9AE8C00004670 /* Build configuration list for PBXNativeTarget "TodoListTests" */;
			buildPhases = (
				59EA91BE21A9AE8C00004670 /* Sources */,
				59EA91BF21A9AE8C00004670 /* Frameworks */,
				59EA91C021A9AE8C00004670 /* Resources */,
			);
			buildRules = (
			);
			dependencies = (
				59EA91C421A9AE8C00004670 /* PBXTargetDependency */,
			);
			name = TodoListTests;
			productName = TodoListTests;
			productReference = 59EA91C221A9AE8C00004670 /* TodoListTests.xctest */;
			productType = "com.apple.product-type.bundle.unit-test";
		};
		59EA91CC21A9AE8C00004670 /* TodoListUITests */ = {
			isa = PBXNativeTarget;
			buildConfigurationList = 59EA91DC21A9AE8C00004670 /* Build configuration list for PBXNativeTarget "TodoListUITests" */;
			buildPhases = (
				59EA91C921A9AE8C00004670 /* Sources */,
				59EA91CA21A9AE8C00004670 /* Frameworks */,
				59EA91CB21A9AE8C00004670 /* Resources */,
			);
			buildRules = (
			);
			dependencies = (
				59EA91CF21A9AE8C00004670 /* PBXTargetDependency */,
			);
			name = TodoListUITests;
			productName = TodoListUITests;
			productReference = 59EA91CD21A9AE8C00004670 /* TodoListUITests.xctest */;
			productType = "com.apple.product-type.bundle.ui-testing";
		};
/* End PBXNativeTarget section */

/* Begin PBXProject section */
		59EA91A621A9AE8A00004670 /* Project object */ = {
			isa = PBXProject;
			attributes = {
				LastSwiftUpdateCheck = 1010;
				LastUpgradeCheck = 1010;
				ORGANIZATIONNAME = "Данил Шкарупин";
				TargetAttributes = {
					59EA91AD21A9AE8A00004670 = {
						CreatedOnToolsVersion = 10.1;
					};
					59EA91C121A9AE8C00004670 = {
						CreatedOnToolsVersion = 10.1;
						TestTargetID = 59EA91AD21A9AE8A00004670;
					};
					59EA91CC21A9AE8C00004670 = {
						CreatedOnToolsVersion = 10.1;
						TestTargetID = 59EA91AD21A9AE8A00004670;
					};
				};
			};
			buildConfigurationList = 59EA91A921A9AE8A00004670 /* Build configuration list for PBXProject "TodoList" */;
			compatibilityVersion = "Xcode 9.3";
			developmentRegion = en;
			hasScannedForEncodings = 0;
			knownRegions = (
				en,
				Base,
			);
			mainGroup = 59EA91A521A9AE8A00004670;
			productRefGroup = 59EA91AF21A9AE8B00004670 /* Products */;
			projectDirPath = "";
			projectRoot = "";
			targets = (
				59EA91AD21A9AE8A00004670 /* TodoList */,
				59EA91C121A9AE8C00004670 /* TodoListTests */,
				59EA91CC21A9AE8C00004670 /* TodoListUITests */,
			);
		};
/* End PBXProject section */

/* Begin PBXResourcesBuildPhase section */
		59EA91AC21A9AE8A00004670 /* Resources */ = {
			isa = PBXResourcesBuildPhase;
			buildActionMask = 2147483647;
			files = (
				59EA91BC21A9AE8C00004670 /* LaunchScreen.storyboard in Resources */,
				59EA91B921A9AE8C00004670 /* Assets.xcassets in Resources */,
				59EA91B721A9AE8B00004670 /* Main.storyboard in Resources */,
			);
			runOnlyForDeploymentPostprocessing = 0;
		};
		59EA91C021A9AE8C00004670 /* Resources */ = {
			isa = PBXResourcesBuildPhase;
			buildActionMask = 2147483647;
			files = (
			);
			runOnlyForDeploymentPostprocessing = 0;
		};
		59EA91CB21A9AE8C00004670 /* Resources */ = {
			isa = PBXResourcesBuildPhase;
			buildActionMask = 2147483647;
			files = (
			);
			runOnlyForDeploymentPostprocessing = 0;
		};
/* End PBXResourcesBuildPhase section */

/* Begin PBXSourcesBuildPhase section */
		59EA91AA21A9AE8A00004670 /* Sources */ = {
			isa = PBXSourcesBuildPhase;
			buildActionMask = 2147483647;
			files = (
				59EA91B421A9AE8B00004670 /* ViewController.swift in Sources */,
				59EA91E021A9AF3100004670 /* DBManager.swift in Sources */,
				59EA91B221A9AE8B00004670 /* AppDelegate.swift in Sources */,
			);
			runOnlyForDeploymentPostprocessing = 0;
		};
		59EA91BE21A9AE8C00004670 /* Sources */ = {
			isa = PBXSourcesBuildPhase;
			buildActionMask = 2147483647;
			files = (
				59EA91C721A9AE8C00004670 /* TodoListTests.swift in Sources */,
			);
			runOnlyForDeploymentPostprocessing = 0;
		};
		59EA91C921A9AE8C00004670 /* Sources */ = {
			isa = PBXSourcesBuildPhase;
			buildActionMask = 2147483647;
			files = (
				59EA91D221A9AE8C00004670 /* TodoListUITests.swift in Sources */,
			);
			runOnlyForDeploymentPostprocessing = 0;
		};
/* End PBXSourcesBuildPhase section */

/* Begin PBXTargetDependency section */
		59EA91C421A9AE8C00004670 /* PBXTargetDependency */ = {
			isa = PBXTargetDependency;
			target = 59EA91AD21A9AE8A00004670 /* TodoList */;
			targetProxy = 59EA91C321A9AE8C00004670 /* PBXContainerItemProxy */;
		};
		59EA91CF21A9AE8C00004670 /* PBXTargetDependency */ = {
			isa = PBXTargetDependency;
			target = 59EA91AD21A9AE8A00004670 /* TodoList */;
			targetProxy = 59EA91CE21A9AE8C00004670 /* PBXContainerItemProxy */;
		};
/* End PBXTargetDependency section */

/* Begin PBXVariantGroup section */
		59EA91B521A9AE8B00004670 /* Main.storyboard */ = {
			isa = PBXVariantGroup;
			children = (
				59EA91B621A9AE8B00004670 /* Base */,
			);
			name = Main.storyboard;
			sourceTree = "<group>";
		};
		59EA91BA21A9AE8C00004670 /* LaunchScreen.storyboard */ = {
			isa = PBXVariantGroup;
			children = (
				59EA91BB21A9AE8C00004670 /* Base */,
			);
			name = LaunchScreen.storyboard;
			sourceTree = "<group>";
		};
/* End PBXVariantGroup section */

/* Begin XCBuildConfiguration section */
		59EA91D421A9AE8C00004670 /* Debug */ = {
			isa = XCBuildConfiguration;
			buildSettings = {
				ALWAYS_SEARCH_USER_PATHS = NO;
				CLANG_ANALYZER_NONNULL = YES;
				CLANG_ANALYZER_NUMBER_OBJECT_CONVERSION = YES_AGGRESSIVE;
				CLANG_CXX_LANGUAGE_STANDARD = "gnu++14";
				CLANG_CXX_LIBRARY = "libc++";
				CLANG_ENABLE_MODULES = YES;
				CLANG_ENABLE_OBJC_ARC = YES;
				CLANG_ENABLE_OBJC_WEAK = YES;
				CLANG_WARN_BLOCK_CAPTURE_AUTORELEASING = YES;
				CLANG_WARN_BOOL_CONVERSION = YES;
				CLANG_WARN_COMMA = YES;
				CLANG_WARN_CONSTANT_CONVERSION = YES;
				CLANG_WARN_DEPRECATED_OBJC_IMPLEMENTATIONS = YES;
				CLANG_WARN_DIRECT_OBJC_ISA_USAGE = YES_ERROR;
				CLANG_WARN_DOCUMENTATION_COMMENTS = YES;
				CLANG_WARN_EMPTY_BODY = YES;
				CLANG_WARN_ENUM_CONVERSION = YES;
				CLANG_WARN_INFINITE_RECURSION = YES;
				CLANG_WARN_INT_CONVERSION = YES;
				CLANG_WARN_NON_LITERAL_NULL_CONVERSION = YES;
				CLANG_WARN_OBJC_IMPLICIT_RETAIN_SELF = YES;
				CLANG_WARN_OBJC_LITERAL_CONVERSION = YES;
				CLANG_WARN_OBJC_ROOT_CLASS = YES_ERROR;
				CLANG_WARN_RANGE_LOOP_ANALYSIS = YES;
				CLANG_WARN_STRICT_PROTOTYPES = YES;
				CLANG_WARN_SUSPICIOUS_MOVE = YES;
				CLANG_WARN_UNGUARDED_AVAILABILITY = YES_AGGRESSIVE;
				CLANG_WARN_UNREACHABLE_CODE = YES;
				CLANG_WARN__DUPLICATE_METHOD_MATCH = YES;
				CODE_SIGN_IDENTITY = "iPhone Developer";
				COPY_PHASE_STRIP = NO;
				DEBUG_INFORMATION_FORMAT = dwarf;
				ENABLE_STRICT_OBJC_MSGSEND = YES;
				ENABLE_TESTABILITY = YES;
				GCC_C_LANGUAGE_STANDARD = gnu11;
				GCC_DYNAMIC_NO_PIC = NO;
				GCC_NO_COMMON_BLOCKS = YES;
				GCC_OPTIMIZATION_LEVEL = 0;
				GCC_PREPROCESSOR_DEFINITIONS = (
					"DEBUG=1",
					"$(inherited)",
				);
				GCC_WARN_64_TO_32_BIT_CONVERSION = YES;
				GCC_WARN_ABOUT_RETURN_TYPE = YES_ERROR;
				GCC_WARN_UNDECLARED_SELECTOR = YES;
				GCC_WARN_UNINITIALIZED_AUTOS = YES_AGGRESSIVE;
				GCC_WARN_UNUSED_FUNCTION = YES;
				GCC_WARN_UNUSED_VARIABLE = YES;
				IPHONEOS_DEPLOYMENT_TARGET = 12.1;
				MTL_ENABLE_DEBUG_INFO = INCLUDE_SOURCE;
				MTL_FAST_MATH = YES;
				ONLY_ACTIVE_ARCH = YES;
				SDKROOT = iphoneos;
				SWIFT_ACTIVE_COMPILATION_CONDITIONS = DEBUG;
				SWIFT_OPTIMIZATION_LEVEL = "-Onone";
			};
			name = Debug;
		};
		59EA91D521A9AE8C00004670 /* Release */ = {
			isa = XCBuildConfiguration;
			buildSettings = {
				ALWAYS_SEARCH_USER_PATHS = NO;
				CLANG_ANALYZER_NONNULL = YES;
				CLANG_ANALYZER_NUMBER_OBJECT_CONVERSION = YES_AGGRESSIVE;
				CLANG_CXX_LANGUAGE_STANDARD = "gnu++14";
				CLANG_CXX_LIBRARY = "libc++";
				CLANG_ENABLE_MODULES = YES;
				CLANG_ENABLE_OBJC_ARC = YES;
				CLANG_ENABLE_OBJC_WEAK = YES;
				CLANG_WARN_BLOCK_CAPTURE_AUTORELEASING = YES;
				CLANG_WARN_BOOL_CONVERSION = YES;
				CLANG_WARN_COMMA = YES;
				CLANG_WARN_CONSTANT_CONVERSION = YES;
				CLANG_WARN_DEPRECATED_OBJC_IMPLEMENTATIONS = YES;
				CLANG_WARN_DIRECT_OBJC_ISA_USAGE = YES_ERROR;
				CLANG_WARN_DOCUMENTATION_COMMENTS = YES;
				CLANG_WARN_EMPTY_BODY = YES;
				CLANG_WARN_ENUM_CONVERSION = YES;
				CLANG_WARN_INFINITE_RECURSION = YES;
				CLANG_WARN_INT_CONVERSION = YES;
				CLANG_WARN_NON_LITERAL_NULL_CONVERSION = YES;
				CLANG_WARN_OBJC_IMPLICIT_RETAIN_SELF = YES;
				CLANG_WARN_OBJC_LITERAL_CONVERSION = YES;
				CLANG_WARN_OBJC_ROOT_CLASS = YES_ERROR;
				CLANG_WARN_RANGE_LOOP_ANALYSIS = YES;
				CLANG_WARN_STRICT_PROTOTYPES = YES;
				CLANG_WARN_SUSPICIOUS_MOVE = YES;
				CLANG_WARN_UNGUARDED_AVAILABILITY = YES_AGGRESSIVE;
				CLANG_WARN_UNREACHABLE_CODE = YES;
				CLANG_WARN__DUPLICATE_METHOD_MATCH = YES;
				CODE_SIGN_IDENTITY = "iPhone Developer";
				COPY_PHASE_STRIP = NO;
				DEBUG_INFORMATION_FORMAT = "dwarf-with-dsym";
				ENABLE_NS_ASSERTIONS = NO;
				ENABLE_STRICT_OBJC_MSGSEND = YES;
				GCC_C_LANGUAGE_STANDARD = gnu11;
				GCC_NO_COMMON_BLOCKS = YES;
				GCC_WARN_64_TO_32_BIT_CONVERSION = YES;
				GCC_WARN_ABOUT_RETURN_TYPE = YES_ERROR;
				GCC_WARN_UNDECLARED_SELECTOR = YES;
				GCC_WARN_UNINITIALIZED_AUTOS = YES_AGGRESSIVE;
				GCC_WARN_UNUSED_FUNCTION = YES;
				GCC_WARN_UNUSED_VARIABLE = YES;
				IPHONEOS_DEPLOYMENT_TARGET = 12.1;
				MTL_ENABLE_DEBUG_INFO = NO;
				MTL_FAST_MATH = YES;
				SDKROOT = iphoneos;
				SWIFT_COMPILATION_MODE = wholemodule;
				SWIFT_OPTIMIZATION_LEVEL = "-O";
				VALIDATE_PRODUCT = YES;
			};
			name = Release;
		};
		59EA91D721A9AE8C00004670 /* Debug */ = {
			isa = XCBuildConfiguration;
			buildSettings = {
				ASSETCATALOG_COMPILER_APPICON_NAME = AppIcon;
				CODE_SIGN_STYLE = Automatic;
				DEVELOPMENT_TEAM = 6H6E6BV569;
				INFOPLIST_FILE = TodoList/Info.plist;
				LD_RUNPATH_SEARCH_PATHS = (
					"$(inherited)",
					"@executable_path/Frameworks",
				);
				PRODUCT_BUNDLE_IDENTIFIER = Kefir.TodoList;
				PRODUCT_NAME = "$(TARGET_NAME)";
				SWIFT_VERSION = 4.2;
				TARGETED_DEVICE_FAMILY = "1,2";
			};
			name = Debug;
		};
		59EA91D821A9AE8C00004670 /* Release */ = {
			isa = XCBuildConfiguration;
			buildSettings = {
				ASSETCATALOG_COMPILER_APPICON_NAME = AppIcon;
				CODE_SIGN_STYLE = Automatic;
				DEVELOPMENT_TEAM = 6H6E6BV569;
				INFOPLIST_FILE = TodoList/Info.plist;
				LD_RUNPATH_SEARCH_PATHS = (
					"$(inherited)",
					"@executable_path/Frameworks",
				);
				PRODUCT_BUNDLE_IDENTIFIER = Kefir.TodoList;
				PRODUCT_NAME = "$(TARGET_NAME)";
				SWIFT_VERSION = 4.2;
				TARGETED_DEVICE_FAMILY = "1,2";
			};
			name = Release;
		};
		59EA91DA21A9AE8C00004670 /* Debug */ = {
			isa = XCBuildConfiguration;
			buildSettings = {
				ALWAYS_EMBED_SWIFT_STANDARD_LIBRARIES = YES;
				BUNDLE_LOADER = "$(TEST_HOST)";
				CODE_SIGN_STYLE = Automatic;
				DEVELOPMENT_TEAM = 6H6E6BV569;
				INFOPLIST_FILE = TodoListTests/Info.plist;
				LD_RUNPATH_SEARCH_PATHS = (
					"$(inherited)",
					"@executable_path/Frameworks",
					"@loader_path/Frameworks",
				);
				PRODUCT_BUNDLE_IDENTIFIER = Kefir.TodoListTests;
				PRODUCT_NAME = "$(TARGET_NAME)";
				SWIFT_VERSION = 4.2;
				TARGETED_DEVICE_FAMILY = "1,2";
				TEST_HOST = "$(BUILT_PRODUCTS_DIR)/TodoList.app/TodoList";
			};
			name = Debug;
		};
		59EA91DB21A9AE8C00004670 /* Release */ = {
			isa = XCBuildConfiguration;
			buildSettings = {
				ALWAYS_EMBED_SWIFT_STANDARD_LIBRARIES = YES;
				BUNDLE_LOADER = "$(TEST_HOST)";
				CODE_SIGN_STYLE = Automatic;
				DEVELOPMENT_TEAM = 6H6E6BV569;
				INFOPLIST_FILE = TodoListTests/Info.plist;
				LD_RUNPATH_SEARCH_PATHS = (
					"$(inherited)",
					"@executable_path/Frameworks",
					"@loader_path/Frameworks",
				);
				PRODUCT_BUNDLE_IDENTIFIER = Kefir.TodoListTests;
				PRODUCT_NAME = "$(TARGET_NAME)";
				SWIFT_VERSION = 4.2;
				TARGETED_DEVICE_FAMILY = "1,2";
				TEST_HOST = "$(BUILT_PRODUCTS_DIR)/TodoList.app/TodoList";
			};
			name = Release;
		};
		59EA91DD21A9AE8C00004670 /* Debug */ = {
			isa = XCBuildConfiguration;
			buildSettings = {
				ALWAYS_EMBED_SWIFT_STANDARD_LIBRARIES = YES;
				CODE_SIGN_STYLE = Automatic;
				DEVELOPMENT_TEAM = 6H6E6BV569;
				INFOPLIST_FILE = TodoListUITests/Info.plist;
				LD_RUNPATH_SEARCH_PATHS = (
					"$(inherited)",
					"@executable_path/Frameworks",
					"@loader_path/Frameworks",
				);
				PRODUCT_BUNDLE_IDENTIFIER = Kefir.TodoListUITests;
				PRODUCT_NAME = "$(TARGET_NAME)";
				SWIFT_VERSION = 4.2;
				TARGETED_DEVICE_FAMILY = "1,2";
				TEST_TARGET_NAME = TodoList;
			};
			name = Debug;
		};
		59EA91DE21A9AE8C00004670 /* Release */ = {
			isa = XCBuildConfiguration;
			buildSettings = {
				ALWAYS_EMBED_SWIFT_STANDARD_LIBRARIES = YES;
				CODE_SIGN_STYLE = Automatic;
				DEVELOPMENT_TEAM = 6H6E6BV569;
				INFOPLIST_FILE = TodoListUITests/Info.plist;
				LD_RUNPATH_SEARCH_PATHS = (
					"$(inherited)",
					"@executable_path/Frameworks",
					"@loader_path/Frameworks",
				);
				PRODUCT_BUNDLE_IDENTIFIER = Kefir.TodoListUITests;
				PRODUCT_NAME = "$(TARGET_NAME)";
				SWIFT_VERSION = 4.2;
				TARGETED_DEVICE_FAMILY = "1,2";
				TEST_TARGET_NAME = TodoList;
			};
			name = Release;
		};
/* End XCBuildConfiguration section */

/* Begin XCConfigurationList section */
		59EA91A921A9AE8A00004670 /* Build configuration list for PBXProject "TodoList" */ = {
			isa = XCConfigurationList;
			buildConfigurations = (
				59EA91D421A9AE8C00004670 /* Debug */,
				59EA91D521A9AE8C00004670 /* Release */,
			);
			defaultConfigurationIsVisible = 0;
			defaultConfigurationName = Release;
		};
		59EA91D621A9AE8C00004670 /* Build configuration list for PBXNativeTarget "TodoList" */ = {
			isa = XCConfigurationList;
			buildConfigurations = (
				59EA91D721A9AE8C00004670 /* Debug */,
				59EA91D821A9AE8C00004670 /* Release */,
			);
			defaultConfigurationIsVisible = 0;
			defaultConfigurationName = Release;
		};
		59EA91D921A9AE8C00004670 /* Build configuration list for PBXNativeTarget "TodoListTests" */ = {
			isa = XCConfigurationList;
			buildConfigurations = (
				59EA91DA21A9AE8C00004670 /* Debug */,
				59EA91DB21A9AE8C00004670 /* Release */,
			);
			defaultConfigurationIsVisible = 0;
			defaultConfigurationName = Release;
		};
		59EA91DC21A9AE8C00004670 /* Build configuration list for PBXNativeTarget "TodoListUITests" */ = {
			isa = XCConfigurationList;
			buildConfigurations = (
				59EA91DD21A9AE8C00004670 /* Debug */,
				59EA91DE21A9AE8C00004670 /* Release */,
			);
			defaultConfigurationIsVisible = 0;
			defaultConfigurationName = Release;
		};
/* End XCConfigurationList section */
	};
	rootObject = 59EA91A621A9AE8A00004670 /* Project object */;
}
